
Microsoft Visual Studio Solution File, Format Version 12.00
# Visual Studio Version 17
VisualStudioVersion = 17.14.36930.0 d17.14
MinimumVisualStudioVersion = 10.0.40219.1
Project("{FAE04EC0-301F-11D3-BF4B-00C04F79EFBC}") = "KeywordComparison", "KeywordComparison.csproj", "{C0B0A94F-797B-4C35-9F6A-6FD9E54E0A77}"
EndProject
Global
	GlobalSection(SolutionConfigurationPlatforms) = preSolution
		Debug|Any CPU = Debug|Any CPU
		Release|Any CPU = Release|Any CPU
	EndGlobalSection
	GlobalSection(ProjectConfigurationPlatforms) = postSolution
		{C0B0A94F-797B-4C35-9F6A-6FD9E54E0A77}.Debug|Any CPU.ActiveCfg = Debug|Any CPU
		{C0B0A94F-797B-4C35-9F6A-6FD9E54E0A77}.Debug|Any CPU.Build.0 = Debug|Any CPU
		{C0B0A94F-797B-4C35-9F6A-6FD9E54E0A77}.Release|Any CPU.ActiveCfg = Release|Any CPU
		{C0B0A94F-797B-4C35-9F6A-6FD9E54E0A77}.Release|Any CPU.Build.0 = Release|Any CPU
	EndGlobalSection
	GlobalSection(SolutionProperties) = preSolution
		HideSolutionNode = FALSE
	EndGlobalSection
	GlobalSection(ExtensibilityGlobals) = postSolution
		SolutionGuid = {3EE45BF4-48C1-4790-97F7-ED1F6A6930C0}
	EndGlobalSection
EndGlobal
